// !$*UTF8*$!
{
	archiveVersion = 1;
	classes = {
	};
	objectVersion = 46;
	objects = {

/* Begin PBXBuildFile section */
		C227E3041DD051F400815198 /* EventsBL.swift in Sources */ = {isa = PBXBuildFile; fileRef = C227E3031DD051F400815198 /* EventsBL.swift */; };
		C227E3071DD0528100815198 /* ScheduleBL.swift in Sources */ = {isa = PBXBuildFile; fileRef = C227E3061DD0528100815198 /* ScheduleBL.swift */; };
		C28B78801DCDA47F00CEDD10 /* AppDelegate.swift in Sources */ = {isa = PBXBuildFile; fileRef = C28B787F1DCDA47F00CEDD10 /* AppDelegate.swift */; };
		C28B78871DCDA47F00CEDD10 /* Assets.xcassets in Resources */ = {isa = PBXBuildFile; fileRef = C28B78861DCDA47F00CEDD10 /* Assets.xcassets */; };
		C28B788A1DCDA47F00CEDD10 /* LaunchScreen.storyboard in Resources */ = {isa = PBXBuildFile; fileRef = C28B78881DCDA47F00CEDD10 /* LaunchScreen.storyboard */; };
		C28B78951DCDA47F00CEDD10 /* RioOlympicsGames2016Tests.swift in Sources */ = {isa = PBXBuildFile; fileRef = C28B78941DCDA47F00CEDD10 /* RioOlympicsGames2016Tests.swift */; };
		C28B78A01DCDA47F00CEDD10 /* RioOlympicsGames2016UITests.swift in Sources */ = {isa = PBXBuildFile; fileRef = C28B789F1DCDA47F00CEDD10 /* RioOlympicsGames2016UITests.swift */; };
		C28B78B91DCDA98800CEDD10 /* Events.swift in Sources */ = {isa = PBXBuildFile; fileRef = C28B78B81DCDA98800CEDD10 /* Events.swift */; };
		C28B78BB1DCDAC1300CEDD10 /* Schedule.swift in Sources */ = {isa = PBXBuildFile; fileRef = C28B78BA1DCDAC1300CEDD10 /* Schedule.swift */; };
		C28B78BE1DCDB02600CEDD10 /* baseDAO.swift in Sources */ = {isa = PBXBuildFile; fileRef = C28B78BD1DCDB02600CEDD10 /* baseDAO.swift */; };
		C28B78C11DCDB19A00CEDD10 /* libsqlite3.tbd in Frameworks */ = {isa = PBXBuildFile; fileRef = C28B78C01DCDB19A00CEDD10 /* libsqlite3.tbd */; };
		C28B78CA1DCDC07800CEDD10 /* DBHelper.swift in Sources */ = {isa = PBXBuildFile; fileRef = C28B78C91DCDC07800CEDD10 /* DBHelper.swift */; };
		C28B78CE1DCDCDFA00CEDD10 /* create_load.sql in Resources */ = {isa = PBXBuildFile; fileRef = C28B78CC1DCDCDFA00CEDD10 /* create_load.sql */; };
		C28B78CF1DCDCDFA00CEDD10 /* DBConfig.plist in Resources */ = {isa = PBXBuildFile; fileRef = C28B78CD1DCDCDFA00CEDD10 /* DBConfig.plist */; };
		C28B78D11DCF07F800CEDD10 /* ScheduleDAO.swift in Sources */ = {isa = PBXBuildFile; fileRef = C28B78D01DCF07F800CEDD10 /* ScheduleDAO.swift */; };
		C290CEF81DD19B1200F98E93 /* Storyboard.storyboard in Resources */ = {isa = PBXBuildFile; fileRef = C290CEF71DD19B1200F98E93 /* Storyboard.storyboard */; };
		C290CEFA1DD19B3600F98E93 /* Main.storyboard in Resources */ = {isa = PBXBuildFile; fileRef = C290CEF91DD19B3600F98E93 /* Main.storyboard */; };
		C290CEFC1DD19D8100F98E93 /* HomeViewController.swift in Sources */ = {isa = PBXBuildFile; fileRef = C290CEFB1DD19D8100F98E93 /* HomeViewController.swift */; };
		C290CEFE1DD19DFF00F98E93 /* TabBarViewController.swift in Sources */ = {isa = PBXBuildFile; fileRef = C290CEFD1DD19DFF00F98E93 /* TabBarViewController.swift */; };
		C290CF001DD1A00200F98E93 /* EventsViewController.swift in Sources */ = {isa = PBXBuildFile; fileRef = C290CEFF1DD1A00200F98E93 /* EventsViewController.swift */; };
		C290CF021DD1A01300F98E93 /* EventsViewCell.swift in Sources */ = {isa = PBXBuildFile; fileRef = C290CF011DD1A01300F98E93 /* EventsViewCell.swift */; };
		C290CF5A1DD31D2800F98E93 /* EventDetailView.swift in Sources */ = {isa = PBXBuildFile; fileRef = C290CF591DD31D2800F98E93 /* EventDetailView.swift */; };
		C290CF861DD330C300F98E93 /* archery.gif in Resources */ = {isa = PBXBuildFile; fileRef = C290CF5C1DD330C300F98E93 /* archery.gif */; };
		C290CF871DD330C300F98E93 /* athletics.gif in Resources */ = {isa = PBXBuildFile; fileRef = C290CF5D1DD330C300F98E93 /* athletics.gif */; };
		C290CF881DD330C300F98E93 /* badminton.gif in Resources */ = {isa = PBXBuildFile; fileRef = C290CF5E1DD330C300F98E93 /* badminton.gif */; };
		C290CF891DD330C300F98E93 /* basketball.gif in Resources */ = {isa = PBXBuildFile; fileRef = C290CF5F1DD330C300F98E93 /* basketball.gif */; };
		C290CF8A1DD330C300F98E93 /* beach-volleyball.gif in Resources */ = {isa = PBXBuildFile; fileRef = C290CF601DD330C300F98E93 /* beach-volleyball.gif */; };
		C290CF8B1DD330C300F98E93 /* boxing.gif in Resources */ = {isa = PBXBuildFile; fileRef = C290CF611DD330C300F98E93 /* boxing.gif */; };
		C290CF8C1DD330C300F98E93 /* canoe-slalom.gif in Resources */ = {isa = PBXBuildFile; fileRef = C290CF621DD330C300F98E93 /* canoe-slalom.gif */; };
		C290CF8D1DD330C300F98E93 /* canoe-sprint.gif in Resources */ = {isa = PBXBuildFile; fileRef = C290CF631DD330C300F98E93 /* canoe-sprint.gif */; };
		C290CF8E1DD330C300F98E93 /* cycling-bmx.gif in Resources */ = {isa = PBXBuildFile; fileRef = C290CF641DD330C300F98E93 /* cycling-bmx.gif */; };
		C290CF8F1DD330C300F98E93 /* cycling-mountain-bike.gif in Resources */ = {isa = PBXBuildFile; fileRef = C290CF651DD330C300F98E93 /* cycling-mountain-bike.gif */; };
		C290CF901DD330C300F98E93 /* cycling-road.gif in Resources */ = {isa = PBXBuildFile; fileRef = C290CF661DD330C300F98E93 /* cycling-road.gif */; };
		C290CF911DD330C300F98E93 /* cycling-track.gif in Resources */ = {isa = PBXBuildFile; fileRef = C290CF671DD330C300F98E93 /* cycling-track.gif */; };
		C290CF921DD330C300F98E93 /* diving.gif in Resources */ = {isa = PBXBuildFile; fileRef = C290CF681DD330C300F98E93 /* diving.gif */; };
		C290CF931DD330C300F98E93 /* equestrian-dressage.gif in Resources */ = {isa = PBXBuildFile; fileRef = C290CF691DD330C300F98E93 /* equestrian-dressage.gif */; };
		C290CF941DD330C300F98E93 /* equestrian-eventing.gif in Resources */ = {isa = PBXBuildFile; fileRef = C290CF6A1DD330C300F98E93 /* equestrian-eventing.gif */; };
		C290CF951DD330C300F98E93 /* equestrian-jumping.gif in Resources */ = {isa = PBXBuildFile; fileRef = C290CF6B1DD330C300F98E93 /* equestrian-jumping.gif */; };
		C290CF961DD330C300F98E93 /* fencing.gif in Resources */ = {isa = PBXBuildFile; fileRef = C290CF6C1DD330C300F98E93 /* fencing.gif */; };
		C290CF971DD330C300F98E93 /* football.gif in Resources */ = {isa = PBXBuildFile; fileRef = C290CF6D1DD330C300F98E93 /* football.gif */; };
		C290CF981DD330C300F98E93 /* ganlanqiu.gif in Resources */ = {isa = PBXBuildFile; fileRef = C290CF6E1DD330C300F98E93 /* ganlanqiu.gif */; };
		C290CF991DD330C300F98E93 /* gaoerfu.gif in Resources */ = {isa = PBXBuildFile; fileRef = C290CF6F1DD330C300F98E93 /* gaoerfu.gif */; };
		C290CF9A1DD330C300F98E93 /* golf.gif in Resources */ = {isa = PBXBuildFile; fileRef = C290CF701DD330C300F98E93 /* golf.gif */; };
		C290CF9B1DD330C300F98E93 /* gymnastics-artistic.gif in Resources */ = {isa = PBXBuildFile; fileRef = C290CF711DD330C300F98E93 /* gymnastics-artistic.gif */; };
		C290CF9C1DD330C300F98E93 /* gymnastics-rhythmic.gif in Resources */ = {isa = PBXBuildFile; fileRef = C290CF721DD330C300F98E93 /* gymnastics-rhythmic.gif */; };
		C290CF9D1DD330C300F98E93 /* gymnastics-trampoline.gif in Resources */ = {isa = PBXBuildFile; fileRef = C290CF731DD330C300F98E93 /* gymnastics-trampoline.gif */; };
		C290CF9E1DD330C300F98E93 /* handball.gif in Resources */ = {isa = PBXBuildFile; fileRef = C290CF741DD330C300F98E93 /* handball.gif */; };
		C290CF9F1DD330C300F98E93 /* hockey.gif in Resources */ = {isa = PBXBuildFile; fileRef = C290CF751DD330C300F98E93 /* hockey.gif */; };
		C290CFA01DD330C300F98E93 /* judo.gif in Resources */ = {isa = PBXBuildFile; fileRef = C290CF761DD330C300F98E93 /* judo.gif */; };
		C290CFA11DD330C300F98E93 /* modern-pentathlon.gif in Resources */ = {isa = PBXBuildFile; fileRef = C290CF771DD330C300F98E93 /* modern-pentathlon.gif */; };
		C290CFA21DD330C300F98E93 /* rowing.gif in Resources */ = {isa = PBXBuildFile; fileRef = C290CF781DD330C300F98E93 /* rowing.gif */; };
		C290CFA31DD330C300F98E93 /* rugby.gif in Resources */ = {isa = PBXBuildFile; fileRef = C290CF791DD330C300F98E93 /* rugby.gif */; };
		C290CFA41DD330C300F98E93 /* sailing.gif in Resources */ = {isa = PBXBuildFile; fileRef = C290CF7A1DD330C300F98E93 /* sailing.gif */; };
		C290CFA51DD330C300F98E93 /* shooting.gif in Resources */ = {isa = PBXBuildFile; fileRef = C290CF7B1DD330C300F98E93 /* shooting.gif */; };
		C290CFA61DD330C300F98E93 /* swimming.gif in Resources */ = {isa = PBXBuildFile; fileRef = C290CF7C1DD330C300F98E93 /* swimming.gif */; };
		C290CFA71DD330C300F98E93 /* synchronised-swimming.gif in Resources */ = {isa = PBXBuildFile; fileRef = C290CF7D1DD330C300F98E93 /* synchronised-swimming.gif */; };
		C290CFA81DD330C300F98E93 /* table-tennis.gif in Resources */ = {isa = PBXBuildFile; fileRef = C290CF7E1DD330C300F98E93 /* table-tennis.gif */; };
		C290CFA91DD330C300F98E93 /* taekwondo.gif in Resources */ = {isa = PBXBuildFile; fileRef = C290CF7F1DD330C300F98E93 /* taekwondo.gif */; };
		C290CFAA1DD330C300F98E93 /* tennis.gif in Resources */ = {isa = PBXBuildFile; fileRef = C290CF801DD330C300F98E93 /* tennis.gif */; };
		C290CFAB1DD330C300F98E93 /* triathlon.gif in Resources */ = {isa = PBXBuildFile; fileRef = C290CF811DD330C300F98E93 /* triathlon.gif */; };
		C290CFAC1DD330C300F98E93 /* volleyball.gif in Resources */ = {isa = PBXBuildFile; fileRef = C290CF821DD330C300F98E93 /* volleyball.gif */; };
		C290CFAD1DD330C300F98E93 /* water-polo.gif in Resources */ = {isa = PBXBuildFile; fileRef = C290CF831DD330C300F98E93 /* water-polo.gif */; };
		C290CFAE1DD330C300F98E93 /* weightlifting.gif in Resources */ = {isa = PBXBuildFile; fileRef = C290CF841DD330C300F98E93 /* weightlifting.gif */; };
		C290CFAF1DD330C300F98E93 /* wrestling.gif in Resources */ = {isa = PBXBuildFile; fileRef = C290CF851DD330C300F98E93 /* wrestling.gif */; };
		C290CFB31DD440D200F98E93 /* ScheduleTableViewController.swift in Sources */ = {isa = PBXBuildFile; fileRef = C290CFB21DD440D200F98E93 /* ScheduleTableViewController.swift */; };
		C2DF650A1DCF7C5B00708253 /* EventsDAO.swift in Sources */ = {isa = PBXBuildFile; fileRef = C2DF65091DCF7C5B00708253 /* EventsDAO.swift */; };
/* End PBXBuildFile section */

/* Begin PBXContainerItemProxy section */
		C28B78911DCDA47F00CEDD10 /* PBXContainerItemProxy */ = {
			isa = PBXContainerItemProxy;
			containerPortal = C28B78741DCDA47F00CEDD10 /* Project object */;
			proxyType = 1;
			remoteGlobalIDString = C28B787B1DCDA47F00CEDD10;
			remoteInfo = RioOlympicsGames2016;
		};
		C28B789C1DCDA47F00CEDD10 /* PBXContainerItemProxy */ = {
			isa = PBXContainerItemProxy;
			containerPortal = C28B78741DCDA47F00CEDD10 /* Project object */;
			proxyType = 1;
			remoteGlobalIDString = C28B787B1DCDA47F00CEDD10;
			remoteInfo = RioOlympicsGames2016;
		};
/* End PBXContainerItemProxy section */

/* Begin PBXFileReference section */
		C227E3031DD051F400815198 /* EventsBL.swift */ = {isa = PBXFileReference; fileEncoding = 4; lastKnownFileType = sourcecode.swift; path = EventsBL.swift; sourceTree = SOURCE_ROOT; };
		C227E3061DD0528100815198 /* ScheduleBL.swift */ = {isa = PBXFileReference; fileEncoding = 4; lastKnownFileType = sourcecode.swift; path = ScheduleBL.swift; sourceTree = SOURCE_ROOT; };
		C28B787C1DCDA47F00CEDD10 /* RioOlympicsGames2016.app */ = {isa = PBXFileReference; explicitFileType = wrapper.application; includeInIndex = 0; path = RioOlympicsGames2016.app; sourceTree = BUILT_PRODUCTS_DIR; };
		C28B787F1DCDA47F00CEDD10 /* AppDelegate.swift */ = {isa = PBXFileReference; lastKnownFileType = sourcecode.swift; path = AppDelegate.swift; sourceTree = "<group>"; };
		C28B78861DCDA47F00CEDD10 /* Assets.xcassets */ = {isa = PBXFileReference; lastKnownFileType = folder.assetcatalog; path = Assets.xcassets; sourceTree = "<group>"; };
		C28B78891DCDA47F00CEDD10 /* Base */ = {isa = PBXFileReference; lastKnownFileType = file.storyboard; name = Base; path = Base.lproj/LaunchScreen.storyboard; sourceTree = "<group>"; };
		C28B788B1DCDA47F00CEDD10 /* Info.plist */ = {isa = PBXFileReference; lastKnownFileType = text.plist.xml; path = Info.plist; sourceTree = "<group>"; };
		C28B78901DCDA47F00CEDD10 /* RioOlympicsGames2016Tests.xctest */ = {isa = PBXFileReference; explicitFileType = wrapper.cfbundle; includeInIndex = 0; path = RioOlympicsGames2016Tests.xctest; sourceTree = BUILT_PRODUCTS_DIR; };
		C28B78941DCDA47F00CEDD10 /* RioOlympicsGames2016Tests.swift */ = {isa = PBXFileReference; lastKnownFileType = sourcecode.swift; path = RioOlympicsGames2016Tests.swift; sourceTree = "<group>"; };
		C28B78961DCDA47F00CEDD10 /* Info.plist */ = {isa = PBXFileReference; lastKnownFileType = text.plist.xml; path = Info.plist; sourceTree = "<group>"; };
		C28B789B1DCDA47F00CEDD10 /* RioOlympicsGames2016UITests.xctest */ = {isa = PBXFileReference; explicitFileType = wrapper.cfbundle; includeInIndex = 0; path = RioOlympicsGames2016UITests.xctest; sourceTree = BUILT_PRODUCTS_DIR; };
		C28B789F1DCDA47F00CEDD10 /* RioOlympicsGames2016UITests.swift */ = {isa = PBXFileReference; lastKnownFileType = sourcecode.swift; path = RioOlympicsGames2016UITests.swift; sourceTree = "<group>"; };
		C28B78A11DCDA47F00CEDD10 /* Info.plist */ = {isa = PBXFileReference; lastKnownFileType = text.plist.xml; path = Info.plist; sourceTree = "<group>"; };
		C28B78B81DCDA98800CEDD10 /* Events.swift */ = {isa = PBXFileReference; fileEncoding = 4; lastKnownFileType = sourcecode.swift; path = Events.swift; sourceTree = "<group>"; };
		C28B78BA1DCDAC1300CEDD10 /* Schedule.swift */ = {isa = PBXFileReference; fileEncoding = 4; lastKnownFileType = sourcecode.swift; path = Schedule.swift; sourceTree = "<group>"; };
		C28B78BD1DCDB02600CEDD10 /* baseDAO.swift */ = {isa = PBXFileReference; fileEncoding = 4; lastKnownFileType = sourcecode.swift; path = baseDAO.swift; sourceTree = "<group>"; };
		C28B78C01DCDB19A00CEDD10 /* libsqlite3.tbd */ = {isa = PBXFileReference; lastKnownFileType = "sourcecode.text-based-dylib-definition"; name = libsqlite3.tbd; path = usr/lib/libsqlite3.tbd; sourceTree = SDKROOT; };
		C28B78C21DCDB70E00CEDD10 /* RioOlympicsGames2016-Bridging-Header.h */ = {isa = PBXFileReference; lastKnownFileType = sourcecode.c.h; path = "RioOlympicsGames2016-Bridging-Header.h"; sourceTree = "<group>"; };
		C28B78C91DCDC07800CEDD10 /* DBHelper.swift */ = {isa = PBXFileReference; fileEncoding = 4; lastKnownFileType = sourcecode.swift; path = DBHelper.swift; sourceTree = "<group>"; };
		C28B78CC1DCDCDFA00CEDD10 /* create_load.sql */ = {isa = PBXFileReference; fileEncoding = 4; lastKnownFileType = text; path = create_load.sql; sourceTree = "<group>"; };
		C28B78CD1DCDCDFA00CEDD10 /* DBConfig.plist */ = {isa = PBXFileReference; fileEncoding = 4; lastKnownFileType = text.plist.xml; path = DBConfig.plist; sourceTree = "<group>"; };
		C28B78D01DCF07F800CEDD10 /* ScheduleDAO.swift */ = {isa = PBXFileReference; fileEncoding = 4; lastKnownFileType = sourcecode.swift; path = ScheduleDAO.swift; sourceTree = "<group>"; };
		C290CEF71DD19B1200F98E93 /* Storyboard.storyboard */ = {isa = PBXFileReference; fileEncoding = 4; lastKnownFileType = file.storyboard; path = Storyboard.storyboard; sourceTree = "<group>"; };
		C290CEF91DD19B3600F98E93 /* Main.storyboard */ = {isa = PBXFileReference; fileEncoding = 4; lastKnownFileType = file.storyboard; path = Main.storyboard; sourceTree = "<group>"; };
		C290CEFB1DD19D8100F98E93 /* HomeViewController.swift */ = {isa = PBXFileReference; fileEncoding = 4; lastKnownFileType = sourcecode.swift; path = HomeViewController.swift; sourceTree = "<group>"; };
		C290CEFD1DD19DFF00F98E93 /* TabBarViewController.swift */ = {isa = PBXFileReference; fileEncoding = 4; lastKnownFileType = sourcecode.swift; path = TabBarViewController.swift; sourceTree = "<group>"; };
		C290CEFF1DD1A00200F98E93 /* EventsViewController.swift */ = {isa = PBXFileReference; fileEncoding = 4; lastKnownFileType = sourcecode.swift; path = EventsViewController.swift; sourceTree = "<group>"; };
		C290CF011DD1A01300F98E93 /* EventsViewCell.swift */ = {isa = PBXFileReference; fileEncoding = 4; lastKnownFileType = sourcecode.swift; path = EventsViewCell.swift; sourceTree = "<group>"; };
		C290CF591DD31D2800F98E93 /* EventDetailView.swift */ = {isa = PBXFileReference; fileEncoding = 4; lastKnownFileType = sourcecode.swift; path = EventDetailView.swift; sourceTree = "<group>"; };
		C290CF5C1DD330C300F98E93 /* archery.gif */ = {isa = PBXFileReference; lastKnownFileType = image.gif; path = archery.gif; sourceTree = "<group>"; };
		C290CF5D1DD330C300F98E93 /* athletics.gif */ = {isa = PBXFileReference; lastKnownFileType = image.gif; path = athletics.gif; sourceTree = "<group>"; };
		C290CF5E1DD330C300F98E93 /* badminton.gif */ = {isa = PBXFileReference; lastKnownFileType = image.gif; path = badminton.gif; sourceTree = "<group>"; };
		C290CF5F1DD330C300F98E93 /* basketball.gif */ = {isa = PBXFileReference; lastKnownFileType = image.gif; path = basketball.gif; sourceTree = "<group>"; };
		C290CF601DD330C300F98E93 /* beach-volleyball.gif */ = {isa = PBXFileReference; lastKnownFileType = image.gif; path = "beach-volleyball.gif"; sourceTree = "<group>"; };
		C290CF611DD330C300F98E93 /* boxing.gif */ = {isa = PBXFileReference; lastKnownFileType = image.gif; path = boxing.gif; sourceTree = "<group>"; };
		C290CF621DD330C300F98E93 /* canoe-slalom.gif */ = {isa = PBXFileReference; lastKnownFileType = image.gif; path = "canoe-slalom.gif"; sourceTree = "<group>"; };
		C290CF631DD330C300F98E93 /* canoe-sprint.gif */ = {isa = PBXFileReference; lastKnownFileType = image.gif; path = "canoe-sprint.gif"; sourceTree = "<group>"; };
		C290CF641DD330C300F98E93 /* cycling-bmx.gif */ = {isa = PBXFileReference; lastKnownFileType = image.gif; path = "cycling-bmx.gif"; sourceTree = "<group>"; };
		C290CF651DD330C300F98E93 /* cycling-mountain-bike.gif */ = {isa = PBXFileReference; lastKnownFileType = image.gif; path = "cycling-mountain-bike.gif"; sourceTree = "<group>"; };
		C290CF661DD330C300F98E93 /* cycling-road.gif */ = {isa = PBXFileReference; lastKnownFileType = image.gif; path = "cycling-road.gif"; sourceTree = "<group>"; };
		C290CF671DD330C300F98E93 /* cycling-track.gif */ = {isa = PBXFileReference; lastKnownFileType = image.gif; path = "cycling-track.gif"; sourceTree = "<group>"; };
		C290CF681DD330C300F98E93 /* diving.gif */ = {isa = PBXFileReference; lastKnownFileType = image.gif; path = diving.gif; sourceTree = "<group>"; };
		C290CF691DD330C300F98E93 /* equestrian-dressage.gif */ = {isa = PBXFileReference; lastKnownFileType = image.gif; path = "equestrian-dressage.gif"; sourceTree = "<group>"; };
		C290CF6A1DD330C300F98E93 /* equestrian-eventing.gif */ = {isa = PBXFileReference; lastKnownFileType = image.gif; path = "equestrian-eventing.gif"; sourceTree = "<group>"; };
		C290CF6B1DD330C300F98E93 /* equestrian-jumping.gif */ = {isa = PBXFileReference; lastKnownFileType = image.gif; path = "equestrian-jumping.gif"; sourceTree = "<group>"; };
		C290CF6C1DD330C300F98E93 /* fencing.gif */ = {isa = PBXFileReference; lastKnownFileType = image.gif; path = fencing.gif; sourceTree = "<group>"; };
		C290CF6D1DD330C300F98E93 /* football.gif */ = {isa = PBXFileReference; lastKnownFileType = image.gif; path = football.gif; sourceTree = "<group>"; };
		C290CF6E1DD330C300F98E93 /* ganlanqiu.gif */ = {isa = PBXFileReference; lastKnownFileType = image.gif; path = ganlanqiu.gif; sourceTree = "<group>"; };
		C290CF6F1DD330C300F98E93 /* gaoerfu.gif */ = {isa = PBXFileReference; lastKnownFileType = image.gif; path = gaoerfu.gif; sourceTree = "<group>"; };
		C290CF701DD330C300F98E93 /* golf.gif */ = {isa = PBXFileReference; lastKnownFileType = image.gif; path = golf.gif; sourceTree = "<group>"; };
		C290CF711DD330C300F98E93 /* gymnastics-artistic.gif */ = {isa = PBXFileReference; lastKnownFileType = image.gif; path = "gymnastics-artistic.gif"; sourceTree = "<group>"; };
		C290CF721DD330C300F98E93 /* gymnastics-rhythmic.gif */ = {isa = PBXFileReference; lastKnownFileType = image.gif; path = "gymnastics-rhythmic.gif"; sourceTree = "<group>"; };
		C290CF731DD330C300F98E93 /* gymnastics-trampoline.gif */ = {isa = PBXFileReference; lastKnownFileType = image.gif; path = "gymnastics-trampoline.gif"; sourceTree = "<group>"; };
		C290CF741DD330C300F98E93 /* handball.gif */ = {isa = PBXFileReference; lastKnownFileType = image.gif; path = handball.gif; sourceTree = "<group>"; };
		C290CF751DD330C300F98E93 /* hockey.gif */ = {isa = PBXFileReference; lastKnownFileType = image.gif; path = hockey.gif; sourceTree = "<group>"; };
		C290CF761DD330C300F98E93 /* judo.gif */ = {isa = PBXFileReference; lastKnownFileType = image.gif; path = judo.gif; sourceTree = "<group>"; };
		C290CF771DD330C300F98E93 /* modern-pentathlon.gif */ = {isa = PBXFileReference; lastKnownFileType = image.gif; path = "modern-pentathlon.gif"; sourceTree = "<group>"; };
		C290CF781DD330C300F98E93 /* rowing.gif */ = {isa = PBXFileReference; lastKnownFileType = image.gif; path = rowing.gif; sourceTree = "<group>"; };
		C290CF791DD330C300F98E93 /* rugby.gif */ = {isa = PBXFileReference; lastKnownFileType = image.gif; path = rugby.gif; sourceTree = "<group>"; };
		C290CF7A1DD330C300F98E93 /* sailing.gif */ = {isa = PBXFileReference; lastKnownFileType = image.gif; path = sailing.gif; sourceTree = "<group>"; };
		C290CF7B1DD330C300F98E93 /* shooting.gif */ = {isa = PBXFileReference; lastKnownFileType = image.gif; path = shooting.gif; sourceTree = "<group>"; };
		C290CF7C1DD330C300F98E93 /* swimming.gif */ = {isa = PBXFileReference; lastKnownFileType = image.gif; path = swimming.gif; sourceTree = "<group>"; };
		C290CF7D1DD330C300F98E93 /* synchronised-swimming.gif */ = {isa = PBXFileReference; lastKnownFileType = image.gif; path = "synchronised-swimming.gif"; sourceTree = "<group>"; };
		C290CF7E1DD330C300F98E93 /* table-tennis.gif */ = {isa = PBXFileReference; lastKnownFileType = image.gif; path = "table-tennis.gif"; sourceTree = "<group>"; };
		C290CF7F1DD330C300F98E93 /* taekwondo.gif */ = {isa = PBXFileReference; lastKnownFileType = image.gif; path = taekwondo.gif; sourceTree = "<group>"; };
		C290CF801DD330C300F98E93 /* tennis.gif */ = {isa = PBXFileReference; lastKnownFileType = image.gif; path = tennis.gif; sourceTree = "<group>"; };
		C290CF811DD330C300F98E93 /* triathlon.gif */ = {isa = PBXFileReference; lastKnownFileType = image.gif; path = triathlon.gif; sourceTree = "<group>"; };
		C290CF821DD330C300F98E93 /* volleyball.gif */ = {isa = PBXFileReference; lastKnownFileType = image.gif; path = volleyball.gif; sourceTree = "<group>"; };
		C290CF831DD330C300F98E93 /* water-polo.gif */ = {isa = PBXFileReference; lastKnownFileType = image.gif; path = "water-polo.gif"; sourceTree = "<group>"; };
		C290CF841DD330C300F98E93 /* weightlifting.gif */ = {isa = PBXFileReference; lastKnownFileType = image.gif; path = weightlifting.gif; sourceTree = "<group>"; };
		C290CF851DD330C300F98E93 /* wrestling.gif */ = {isa = PBXFileReference; lastKnownFileType = image.gif; path = wrestling.gif; sourceTree = "<group>"; };
		C290CFB21DD440D200F98E93 /* ScheduleTableViewController.swift */ = {isa = PBXFileReference; fileEncoding = 4; lastKnownFileType = sourcecode.swift; path = ScheduleTableViewController.swift; sourceTree = "<group>"; };
		C2DF65091DCF7C5B00708253 /* EventsDAO.swift */ = {isa = PBXFileReference; fileEncoding = 4; lastKnownFileType = sourcecode.swift; path = EventsDAO.swift; sourceTree = "<group>"; };
/* End PBXFileReference section */

/* Begin PBXFrameworksBuildPhase section */
		C28B78791DCDA47F00CEDD10 /* Frameworks */ = {
			isa = PBXFrameworksBuildPhase;
			buildActionMask = 2147483647;
			files = (
				C28B78C11DCDB19A00CEDD10 /* libsqlite3.tbd in Frameworks */,
			);
			runOnlyForDeploymentPostprocessing = 0;
		};
		C28B788D1DCDA47F00CEDD10 /* Frameworks */ = {
			isa = PBXFrameworksBuildPhase;
			buildActionMask = 2147483647;
			files = (
			);
			runOnlyForDeploymentPostprocessing = 0;
		};
		C28B78981DCDA47F00CEDD10 /* Frameworks */ = {
			isa = PBXFrameworksBuildPhase;
			buildActionMask = 2147483647;
			files = (
			);
			runOnlyForDeploymentPostprocessing = 0;
		};
/* End PBXFrameworksBuildPhase section */

/* Begin PBXGroup section */
		C227E3021DD051E100815198 /* BO */ = {
			isa = PBXGroup;
			children = (
				C227E3031DD051F400815198 /* EventsBL.swift */,
				C227E3061DD0528100815198 /* ScheduleBL.swift */,
			);
			name = BO;
			sourceTree = "<group>";
		};
		C28B78731DCDA47F00CEDD10 = {
			isa = PBXGroup;
			children = (
				C290CEF71DD19B1200F98E93 /* Storyboard.storyboard */,
				C28B78B21DCDA93D00CEDD10 /* PersistenceLayer */,
				C28B78B11DCDA92F00CEDD10 /* BusinessLayer */,
				C28B787E1DCDA47F00CEDD10 /* RioOlympicsGames2016 */,
				C28B78931DCDA47F00CEDD10 /* RioOlympicsGames2016Tests */,
				C28B789E1DCDA47F00CEDD10 /* RioOlympicsGames2016UITests */,
				C28B787D1DCDA47F00CEDD10 /* Products */,
				C28B78BF1DCDB19A00CEDD10 /* Frameworks */,
				C28B78C21DCDB70E00CEDD10 /* RioOlympicsGames2016-Bridging-Header.h */,
			);
			sourceTree = "<group>";
		};
		C28B787D1DCDA47F00CEDD10 /* Products */ = {
			isa = PBXGroup;
			children = (
				C28B787C1DCDA47F00CEDD10 /* RioOlympicsGames2016.app */,
				C28B78901DCDA47F00CEDD10 /* RioOlympicsGames2016Tests.xctest */,
				C28B789B1DCDA47F00CEDD10 /* RioOlympicsGames2016UITests.xctest */,
			);
			name = Products;
			sourceTree = "<group>";
		};
		C28B787E1DCDA47F00CEDD10 /* RioOlympicsGames2016 */ = {
			isa = PBXGroup;
			children = (
				C290CF031DD3075900F98E93 /* UIControllers */,
				C28B787F1DCDA47F00CEDD10 /* AppDelegate.swift */,
				C28B78861DCDA47F00CEDD10 /* Assets.xcassets */,
				C290CEF91DD19B3600F98E93 /* Main.storyboard */,
				C28B78881DCDA47F00CEDD10 /* LaunchScreen.storyboard */,
				C28B788B1DCDA47F00CEDD10 /* Info.plist */,
			);
			path = RioOlympicsGames2016;
			sourceTree = "<group>";
		};
		C28B78931DCDA47F00CEDD10 /* RioOlympicsGames2016Tests */ = {
			isa = PBXGroup;
			children = (
				C28B78941DCDA47F00CEDD10 /* RioOlympicsGames2016Tests.swift */,
				C28B78961DCDA47F00CEDD10 /* Info.plist */,
			);
			path = RioOlympicsGames2016Tests;
			sourceTree = "<group>";
		};
		C28B789E1DCDA47F00CEDD10 /* RioOlympicsGames2016UITests */ = {
			isa = PBXGroup;
			children = (
				C28B789F1DCDA47F00CEDD10 /* RioOlympicsGames2016UITests.swift */,
				C28B78A11DCDA47F00CEDD10 /* Info.plist */,
			);
			path = RioOlympicsGames2016UITests;
			sourceTree = "<group>";
		};
		C28B78B11DCDA92F00CEDD10 /* BusinessLayer */ = {
			isa = PBXGroup;
			children = (
				C227E3021DD051E100815198 /* BO */,
			);
			path = BusinessLayer;
			sourceTree = "<group>";
		};
		C28B78B21DCDA93D00CEDD10 /* PersistenceLayer */ = {
			isa = PBXGroup;
			children = (
				C28B78CB1DCDCDFA00CEDD10 /* DBFile */,
				C28B78BC1DCDB00800CEDD10 /* DAO */,
				C28B78B71DCDA97600CEDD10 /* Domain */,
			);
			path = PersistenceLayer;
			sourceTree = "<group>";
		};
		C28B78B71DCDA97600CEDD10 /* Domain */ = {
			isa = PBXGroup;
			children = (
				C28B78B81DCDA98800CEDD10 /* Events.swift */,
				C28B78BA1DCDAC1300CEDD10 /* Schedule.swift */,
			);
			name = Domain;
			sourceTree = "<group>";
		};
		C28B78BC1DCDB00800CEDD10 /* DAO */ = {
			isa = PBXGroup;
			children = (
				C28B78BD1DCDB02600CEDD10 /* baseDAO.swift */,
				C28B78C91DCDC07800CEDD10 /* DBHelper.swift */,
				C28B78D01DCF07F800CEDD10 /* ScheduleDAO.swift */,
				C2DF65091DCF7C5B00708253 /* EventsDAO.swift */,
			);
			name = DAO;
			sourceTree = "<group>";
		};
		C28B78BF1DCDB19A00CEDD10 /* Frameworks */ = {
			isa = PBXGroup;
			children = (
				C28B78C01DCDB19A00CEDD10 /* libsqlite3.tbd */,
			);
			name = Frameworks;
			sourceTree = "<group>";
		};
		C28B78CB1DCDCDFA00CEDD10 /* DBFile */ = {
			isa = PBXGroup;
			children = (
				C28B78CC1DCDCDFA00CEDD10 /* create_load.sql */,
				C28B78CD1DCDCDFA00CEDD10 /* DBConfig.plist */,
			);
			path = DBFile;
			sourceTree = SOURCE_ROOT;
		};
		C290CF031DD3075900F98E93 /* UIControllers */ = {
			isa = PBXGroup;
			children = (
				C290CF5B1DD330C300F98E93 /* events */,
				C290CEFB1DD19D8100F98E93 /* HomeViewController.swift */,
				C290CEFD1DD19DFF00F98E93 /* TabBarViewController.swift */,
				C290CEFF1DD1A00200F98E93 /* EventsViewController.swift */,
				C290CF011DD1A01300F98E93 /* EventsViewCell.swift */,
				C290CF591DD31D2800F98E93 /* EventDetailView.swift */,
				C290CFB21DD440D200F98E93 /* ScheduleTableViewController.swift */,
			);
			name = UIControllers;
			sourceTree = "<group>";
		};
		C290CF5B1DD330C300F98E93 /* events */ = {
			isa = PBXGroup;
			children = (
				C290CF5C1DD330C300F98E93 /* archery.gif */,
				C290CF5D1DD330C300F98E93 /* athletics.gif */,
				C290CF5E1DD330C300F98E93 /* badminton.gif */,
				C290CF5F1DD330C300F98E93 /* basketball.gif */,
				C290CF601DD330C300F98E93 /* beach-volleyball.gif */,
				C290CF611DD330C300F98E93 /* boxing.gif */,
				C290CF621DD330C300F98E93 /* canoe-slalom.gif */,
				C290CF631DD330C300F98E93 /* canoe-sprint.gif */,
				C290CF641DD330C300F98E93 /* cycling-bmx.gif */,
				C290CF651DD330C300F98E93 /* cycling-mountain-bike.gif */,
				C290CF661DD330C300F98E93 /* cycling-road.gif */,
				C290CF671DD330C300F98E93 /* cycling-track.gif */,
				C290CF681DD330C300F98E93 /* diving.gif */,
				C290CF691DD330C300F98E93 /* equestrian-dressage.gif */,
				C290CF6A1DD330C300F98E93 /* equestrian-eventing.gif */,
				C290CF6B1DD330C300F98E93 /* equestrian-jumping.gif */,
				C290CF6C1DD330C300F98E93 /* fencing.gif */,
				C290CF6D1DD330C300F98E93 /* football.gif */,
				C290CF6E1DD330C300F98E93 /* ganlanqiu.gif */,
				C290CF6F1DD330C300F98E93 /* gaoerfu.gif */,
				C290CF701DD330C300F98E93 /* golf.gif */,
				C290CF711DD330C300F98E93 /* gymnastics-artistic.gif */,
				C290CF721DD330C300F98E93 /* gymnastics-rhythmic.gif */,
				C290CF731DD330C300F98E93 /* gymnastics-trampoline.gif */,
				C290CF741DD330C300F98E93 /* handball.gif */,
				C290CF751DD330C300F98E93 /* hockey.gif */,
				C290CF761DD330C300F98E93 /* judo.gif */,
				C290CF771DD330C300F98E93 /* modern-pentathlon.gif */,
				C290CF781DD330C300F98E93 /* rowing.gif */,
				C290CF791DD330C300F98E93 /* rugby.gif */,
				C290CF7A1DD330C300F98E93 /* sailing.gif */,
				C290CF7B1DD330C300F98E93 /* shooting.gif */,
				C290CF7C1DD330C300F98E93 /* swimming.gif */,
				C290CF7D1DD330C300F98E93 /* synchronised-swimming.gif */,
				C290CF7E1DD330C300F98E93 /* table-tennis.gif */,
				C290CF7F1DD330C300F98E93 /* taekwondo.gif */,
				C290CF801DD330C300F98E93 /* tennis.gif */,
				C290CF811DD330C300F98E93 /* triathlon.gif */,
				C290CF821DD330C300F98E93 /* volleyball.gif */,
				C290CF831DD330C300F98E93 /* water-polo.gif */,
				C290CF841DD330C300F98E93 /* weightlifting.gif */,
				C290CF851DD330C300F98E93 /* wrestling.gif */,
			);
			path = events;
			sourceTree = "<group>";
		};
/* End PBXGroup section */

/* Begin PBXNativeTarget section */
		C28B787B1DCDA47F00CEDD10 /* RioOlympicsGames2016 */ = {
			isa = PBXNativeTarget;
			buildConfigurationList = C28B78A41DCDA47F00CEDD10 /* Build configuration list for PBXNativeTarget "RioOlympicsGames2016" */;
			buildPhases = (
				C28B78781DCDA47F00CEDD10 /* Sources */,
				C28B78791DCDA47F00CEDD10 /* Frameworks */,
				C28B787A1DCDA47F00CEDD10 /* Resources */,
			);
			buildRules = (
			);
			dependencies = (
			);
			name = RioOlympicsGames2016;
			productName = RioOlympicsGames2016;
			productReference = C28B787C1DCDA47F00CEDD10 /* RioOlympicsGames2016.app */;
			productType = "com.apple.product-type.application";
		};
		C28B788F1DCDA47F00CEDD10 /* RioOlympicsGames2016Tests */ = {
			isa = PBXNativeTarget;
			buildConfigurationList = C28B78A71DCDA47F00CEDD10 /* Build configuration list for PBXNativeTarget "RioOlympicsGames2016Tests" */;
			buildPhases = (
				C28B788C1DCDA47F00CEDD10 /* Sources */,
				C28B788D1DCDA47F00CEDD10 /* Frameworks */,
				C28B788E1DCDA47F00CEDD10 /* Resources */,
			);
			buildRules = (
			);
			dependencies = (
				C28B78921DCDA47F00CEDD10 /* PBXTargetDependency */,
			);
			name = RioOlympicsGames2016Tests;
			productName = RioOlympicsGames2016Tests;
			productReference = C28B78901DCDA47F00CEDD10 /* RioOlympicsGames2016Tests.xctest */;
			productType = "com.apple.product-type.bundle.unit-test";
		};
		C28B789A1DCDA47F00CEDD10 /* RioOlympicsGames2016UITests */ = {
			isa = PBXNativeTarget;
			buildConfigurationList = C28B78AA1DCDA47F00CEDD10 /* Build configuration list for PBXNativeTarget "RioOlympicsGames2016UITests" */;
			buildPhases = (
				C28B78971DCDA47F00CEDD10 /* Sources */,
				C28B78981DCDA47F00CEDD10 /* Frameworks */,
				C28B78991DCDA47F00CEDD10 /* Resources */,
			);
			buildRules = (
			);
			dependencies = (
				C28B789D1DCDA47F00CEDD10 /* PBXTargetDependency */,
			);
			name = RioOlympicsGames2016UITests;
			productName = RioOlympicsGames2016UITests;
			productReference = C28B789B1DCDA47F00CEDD10 /* RioOlympicsGames2016UITests.xctest */;
			productType = "com.apple.product-type.bundle.ui-testing";
		};
/* End PBXNativeTarget section */

/* Begin PBXProject section */
		C28B78741DCDA47F00CEDD10 /* Project object */ = {
			isa = PBXProject;
			attributes = {
				LastSwiftUpdateCheck = 0810;
				LastUpgradeCheck = 0810;
				ORGANIZATIONNAME = "derex pan";
				TargetAttributes = {
					C28B787B1DCDA47F00CEDD10 = {
						CreatedOnToolsVersion = 8.1;
						DevelopmentTeam = 2NHV9XL52A;
						LastSwiftMigration = 0810;
						ProvisioningStyle = Automatic;
					};
					C28B788F1DCDA47F00CEDD10 = {
						CreatedOnToolsVersion = 8.1;
						DevelopmentTeam = 2NHV9XL52A;
						ProvisioningStyle = Automatic;
						TestTargetID = C28B787B1DCDA47F00CEDD10;
					};
					C28B789A1DCDA47F00CEDD10 = {
						CreatedOnToolsVersion = 8.1;
						DevelopmentTeam = 2NHV9XL52A;
						ProvisioningStyle = Automatic;
						TestTargetID = C28B787B1DCDA47F00CEDD10;
					};
				};
			};
			buildConfigurationList = C28B78771DCDA47F00CEDD10 /* Build configuration list for PBXProject "RioOlympicsGames2016" */;
			compatibilityVersion = "Xcode 3.2";
			developmentRegion = English;
			hasScannedForEncodings = 0;
			knownRegions = (
				en,
				Base,
			);
			mainGroup = C28B78731DCDA47F00CEDD10;
			productRefGroup = C28B787D1DCDA47F00CEDD10 /* Products */;
			projectDirPath = "";
			projectRoot = "";
			targets = (
				C28B787B1DCDA47F00CEDD10 /* RioOlympicsGames2016 */,
				C28B788F1DCDA47F00CEDD10 /* RioOlympicsGames2016Tests */,
				C28B789A1DCDA47F00CEDD10 /* RioOlympicsGames2016UITests */,
			);
		};
/* End PBXProject section */

/* Begin PBXResourcesBuildPhase section */
		C28B787A1DCDA47F00CEDD10 /* Resources */ = {
			isa = PBXResourcesBuildPhase;
			buildActionMask = 2147483647;
			files = (
				C290CF881DD330C300F98E93 /* badminton.gif in Resources */,
				C290CFA51DD330C300F98E93 /* shooting.gif in Resources */,
				C290CF9C1DD330C300F98E93 /* gymnastics-rhythmic.gif in Resources */,
				C290CF8D1DD330C300F98E93 /* canoe-sprint.gif in Resources */,
				C290CF861DD330C300F98E93 /* archery.gif in Resources */,
				C290CF931DD330C300F98E93 /* equestrian-dressage.gif in Resources */,
				C290CF921DD330C300F98E93 /* diving.gif in Resources */,
				C290CF9B1DD330C300F98E93 /* gymnastics-artistic.gif in Resources */,
				C290CFAC1DD330C300F98E93 /* volleyball.gif in Resources */,
				C28B78CF1DCDCDFA00CEDD10 /* DBConfig.plist in Resources */,
				C290CF991DD330C300F98E93 /* gaoerfu.gif in Resources */,
				C290CF8C1DD330C300F98E93 /* canoe-slalom.gif in Resources */,
				C290CF941DD330C300F98E93 /* equestrian-eventing.gif in Resources */,
				C290CF871DD330C300F98E93 /* athletics.gif in Resources */,
				C290CF9E1DD330C300F98E93 /* handball.gif in Resources */,
				C290CFA01DD330C300F98E93 /* judo.gif in Resources */,
				C290CF8F1DD330C300F98E93 /* cycling-mountain-bike.gif in Resources */,
				C290CF8E1DD330C300F98E93 /* cycling-bmx.gif in Resources */,
				C290CF971DD330C300F98E93 /* football.gif in Resources */,
				C28B78CE1DCDCDFA00CEDD10 /* create_load.sql in Resources */,
				C290CFA11DD330C300F98E93 /* modern-pentathlon.gif in Resources */,
				C290CF9F1DD330C300F98E93 /* hockey.gif in Resources */,
				C290CFAD1DD330C300F98E93 /* water-polo.gif in Resources */,
				C290CF901DD330C300F98E93 /* cycling-road.gif in Resources */,
				C290CF8B1DD330C300F98E93 /* boxing.gif in Resources */,
				C290CF9A1DD330C300F98E93 /* golf.gif in Resources */,
				C290CFA81DD330C300F98E93 /* table-tennis.gif in Resources */,
				C290CF951DD330C300F98E93 /* equestrian-jumping.gif in Resources */,
				C290CF8A1DD330C300F98E93 /* beach-volleyball.gif in Resources */,
				C290CFA41DD330C300F98E93 /* sailing.gif in Resources */,
				C290CFA21DD330C300F98E93 /* rowing.gif in Resources */,
				C28B788A1DCDA47F00CEDD10 /* LaunchScreen.storyboard in Resources */,
				C290CFAF1DD330C300F98E93 /* wrestling.gif in Resources */,
				C290CEFA1DD19B3600F98E93 /* Main.storyboard in Resources */,
				C28B78871DCDA47F00CEDD10 /* Assets.xcassets in Resources */,
				C290CEF81DD19B1200F98E93 /* Storyboard.storyboard in Resources */,
				C290CFA31DD330C300F98E93 /* rugby.gif in Resources */,
				C290CFAE1DD330C300F98E93 /* weightlifting.gif in Resources */,
				C290CF911DD330C300F98E93 /* cycling-track.gif in Resources */,
				C290CF981DD330C300F98E93 /* ganlanqiu.gif in Resources */,
				C290CF891DD330C300F98E93 /* basketball.gif in Resources */,
				C290CF961DD330C300F98E93 /* fencing.gif in Resources */,
				C290CF9D1DD330C300F98E93 /* gymnastics-trampoline.gif in Resources */,
				C290CFA91DD330C300F98E93 /* taekwondo.gif in Resources */,
				C290CFA71DD330C300F98E93 /* synchronised-swimming.gif in Resources */,
				C290CFAA1DD330C300F98E93 /* tennis.gif in Resources */,
				C290CFAB1DD330C300F98E93 /* triathlon.gif in Resources */,
				C290CFA61DD330C300F98E93 /* swimming.gif in Resources */,
			);
			runOnlyForDeploymentPostprocessing = 0;
		};
		C28B788E1DCDA47F00CEDD10 /* Resources */ = {
			isa = PBXResourcesBuildPhase;
			buildActionMask = 2147483647;
			files = (
			);
			runOnlyForDeploymentPostprocessing = 0;
		};
		C28B78991DCDA47F00CEDD10 /* Resources */ = {
			isa = PBXResourcesBuildPhase;
			buildActionMask = 2147483647;
			files = (
			);
			runOnlyForDeploymentPostprocessing = 0;
		};
/* End PBXResourcesBuildPhase section */

/* Begin PBXSourcesBuildPhase section */
		C28B78781DCDA47F00CEDD10 /* Sources */ = {
			isa = PBXSourcesBuildPhase;
			buildActionMask = 2147483647;
			files = (
				C28B78B91DCDA98800CEDD10 /* Events.swift in Sources */,
				C227E3041DD051F400815198 /* EventsBL.swift in Sources */,
				C290CEFE1DD19DFF00F98E93 /* TabBarViewController.swift in Sources */,
				C28B78CA1DCDC07800CEDD10 /* DBHelper.swift in Sources */,
				C28B78BE1DCDB02600CEDD10 /* baseDAO.swift in Sources */,
				C290CF001DD1A00200F98E93 /* EventsViewController.swift in Sources */,
				C290CF5A1DD31D2800F98E93 /* EventDetailView.swift in Sources */,
				C2DF650A1DCF7C5B00708253 /* EventsDAO.swift in Sources */,
				C290CEFC1DD19D8100F98E93 /* HomeViewController.swift in Sources */,
				C227E3071DD0528100815198 /* ScheduleBL.swift in Sources */,
				C28B78D11DCF07F800CEDD10 /* ScheduleDAO.swift in Sources */,
				C28B78BB1DCDAC1300CEDD10 /* Schedule.swift in Sources */,
				C290CF021DD1A01300F98E93 /* EventsViewCell.swift in Sources */,
				C290CFB31DD440D200F98E93 /* ScheduleTableViewController.swift in Sources */,
				C28B78801DCDA47F00CEDD10 /* AppDelegate.swift in Sources */,
			);
			runOnlyForDeploymentPostprocessing = 0;
		};
		C28B788C1DCDA47F00CEDD10 /* Sources */ = {
			isa = PBXSourcesBuildPhase;
			buildActionMask = 2147483647;
			files = (
				C28B78951DCDA47F00CEDD10 /* RioOlympicsGames2016Tests.swift in Sources */,
			);
			runOnlyForDeploymentPostprocessing = 0;
		};
		C28B78971DCDA47F00CEDD10 /* Sources */ = {
			isa = PBXSourcesBuildPhase;
			buildActionMask = 2147483647;
			files = (
				C28B78A01DCDA47F00CEDD10 /* RioOlympicsGames2016UITests.swift in Sources */,
			);
			runOnlyForDeploymentPostprocessing = 0;
		};
/* End PBXSourcesBuildPhase section */

/* Begin PBXTargetDependency section */
		C28B78921DCDA47F00CEDD10 /* PBXTargetDependency */ = {
			isa = PBXTargetDependency;
			target = C28B787B1DCDA47F00CEDD10 /* RioOlympicsGames2016 */;
			targetProxy = C28B78911DCDA47F00CEDD10 /* PBXContainerItemProxy */;
		};
		C28B789D1DCDA47F00CEDD10 /* PBXTargetDependency */ = {
			isa = PBXTargetDependency;
			target = C28B787B1DCDA47F00CEDD10 /* RioOlympicsGames2016 */;
			targetProxy = C28B789C1DCDA47F00CEDD10 /* PBXContainerItemProxy */;
		};
/* End PBXTargetDependency section */

/* Begin PBXVariantGroup section */
		C28B78881DCDA47F00CEDD10 /* LaunchScreen.storyboard */ = {
			isa = PBXVariantGroup;
			children = (
				C28B78891DCDA47F00CEDD10 /* Base */,
			);
			name = LaunchScreen.storyboard;
			sourceTree = "<group>";
		};
/* End PBXVariantGroup section */

/* Begin XCBuildConfiguration section */
		C28B78A21DCDA47F00CEDD10 /* Debug */ = {
			isa = XCBuildConfiguration;
			buildSettings = {
				ALWAYS_SEARCH_USER_PATHS = NO;
				CLANG_ANALYZER_NONNULL = YES;
				CLANG_CXX_LANGUAGE_STANDARD = "gnu++0x";
				CLANG_CXX_LIBRARY = "libc++";
				CLANG_ENABLE_MODULES = YES;
				CLANG_ENABLE_OBJC_ARC = YES;
				CLANG_WARN_BOOL_CONVERSION = YES;
				CLANG_WARN_CONSTANT_CONVERSION = YES;
				CLANG_WARN_DIRECT_OBJC_ISA_USAGE = YES_ERROR;
				CLANG_WARN_DOCUMENTATION_COMMENTS = YES;
				CLANG_WARN_EMPTY_BODY = YES;
				CLANG_WARN_ENUM_CONVERSION = YES;
				CLANG_WARN_INFINITE_RECURSION = YES;
				CLANG_WARN_INT_CONVERSION = YES;
				CLANG_WARN_OBJC_ROOT_CLASS = YES_ERROR;
				CLANG_WARN_SUSPICIOUS_MOVES = YES;
				CLANG_WARN_UNREACHABLE_CODE = YES;
				CLANG_WARN__DUPLICATE_METHOD_MATCH = YES;
				"CODE_SIGN_IDENTITY[sdk=iphoneos*]" = "iPhone Developer";
				COPY_PHASE_STRIP = NO;
				DEBUG_INFORMATION_FORMAT = dwarf;
				ENABLE_STRICT_OBJC_MSGSEND = YES;
				ENABLE_TESTABILITY = YES;
				GCC_C_LANGUAGE_STANDARD = gnu99;
				GCC_DYNAMIC_NO_PIC = NO;
				GCC_NO_COMMON_BLOCKS = YES;
				GCC_OPTIMIZATION_LEVEL = 0;
				GCC_PREPROCESSOR_DEFINITIONS = (
					"DEBUG=1",
					"$(inherited)",
				);
				GCC_WARN_64_TO_32_BIT_CONVERSION = YES;
				GCC_WARN_ABOUT_RETURN_TYPE = YES_ERROR;
				GCC_WARN_UNDECLARED_SELECTOR = YES;
				GCC_WARN_UNINITIALIZED_AUTOS = YES_AGGRESSIVE;
				GCC_WARN_UNUSED_FUNCTION = YES;
				GCC_WARN_UNUSED_VARIABLE = YES;
				IPHONEOS_DEPLOYMENT_TARGET = 10.1;
				MTL_ENABLE_DEBUG_INFO = YES;
				ONLY_ACTIVE_ARCH = YES;
				SDKROOT = iphoneos;
				SWIFT_ACTIVE_COMPILATION_CONDITIONS = DEBUG;
				SWIFT_OPTIMIZATION_LEVEL = "-Onone";
				TARGETED_DEVICE_FAMILY = "1,2";
			};
			name = Debug;
		};
		C28B78A31DCDA47F00CEDD10 /* Release */ = {
			isa = XCBuildConfiguration;
			buildSettings = {
				ALWAYS_SEARCH_USER_PATHS = NO;
				CLANG_ANALYZER_NONNULL = YES;
				CLANG_CXX_LANGUAGE_STANDARD = "gnu++0x";
				CLANG_CXX_LIBRARY = "libc++";
				CLANG_ENABLE_MODULES = YES;
				CLANG_ENABLE_OBJC_ARC = YES;
				CLANG_WARN_BOOL_CONVERSION = YES;
				CLANG_WARN_CONSTANT_CONVERSION = YES;
				CLANG_WARN_DIRECT_OBJC_ISA_USAGE = YES_ERROR;
				CLANG_WARN_DOCUMENTATION_COMMENTS = YES;
				CLANG_WARN_EMPTY_BODY = YES;
				CLANG_WARN_ENUM_CONVERSION = YES;
				CLANG_WARN_INFINITE_RECURSION = YES;
				CLANG_WARN_INT_CONVERSION = YES;
				CLANG_WARN_OBJC_ROOT_CLASS = YES_ERROR;
				CLANG_WARN_SUSPICIOUS_MOVES = YES;
				CLANG_WARN_UNREACHABLE_CODE = YES;
				CLANG_WARN__DUPLICATE_METHOD_MATCH = YES;
				"CODE_SIGN_IDENTITY[sdk=iphoneos*]" = "iPhone Developer";
				COPY_PHASE_STRIP = NO;
				DEBUG_INFORMATION_FORMAT = "dwarf-with-dsym";
				ENABLE_NS_ASSERTIONS = NO;
				ENABLE_STRICT_OBJC_MSGSEND = YES;
				GCC_C_LANGUAGE_STANDARD = gnu99;
				GCC_NO_COMMON_BLOCKS = YES;
				GCC_WARN_64_TO_32_BIT_CONVERSION = YES;
				GCC_WARN_ABOUT_RETURN_TYPE = YES_ERROR;
				GCC_WARN_UNDECLARED_SELECTOR = YES;
				GCC_WARN_UNINITIALIZED_AUTOS = YES_AGGRESSIVE;
				GCC_WARN_UNUSED_FUNCTION = YES;
				GCC_WARN_UNUSED_VARIABLE = YES;
				IPHONEOS_DEPLOYMENT_TARGET = 10.1;
				MTL_ENABLE_DEBUG_INFO = NO;
				SDKROOT = iphoneos;
				SWIFT_OPTIMIZATION_LEVEL = "-Owholemodule";
				TARGETED_DEVICE_FAMILY = "1,2";
				VALIDATE_PRODUCT = YES;
			};
			name = Release;
		};
		C28B78A51DCDA47F00CEDD10 /* Debug */ = {
			isa = XCBuildConfiguration;
			buildSettings = {
				ASSETCATALOG_COMPILER_APPICON_NAME = AppIcon;
				CLANG_ENABLE_MODULES = YES;
				DEVELOPMENT_TEAM = 2NHV9XL52A;
				INFOPLIST_FILE = RioOlympicsGames2016/Info.plist;
				LD_RUNPATH_SEARCH_PATHS = "$(inherited) @executable_path/Frameworks";
				PRODUCT_BUNDLE_IDENTIFIER = derex.RioOlympicsGames2016;
				PRODUCT_NAME = "$(TARGET_NAME)";
				SWIFT_OBJC_BRIDGING_HEADER = "RioOlympicsGames2016-Bridging-Header.h";
				SWIFT_OPTIMIZATION_LEVEL = "-Onone";
				SWIFT_VERSION = 3.0;
			};
			name = Debug;
		};
		C28B78A61DCDA47F00CEDD10 /* Release */ = {
			isa = XCBuildConfiguration;
			buildSettings = {
				ASSETCATALOG_COMPILER_APPICON_NAME = AppIcon;
				CLANG_ENABLE_MODULES = YES;
				DEVELOPMENT_TEAM = 2NHV9XL52A;
				INFOPLIST_FILE = RioOlympicsGames2016/Info.plist;
				LD_RUNPATH_SEARCH_PATHS = "$(inherited) @executable_path/Frameworks";
				PRODUCT_BUNDLE_IDENTIFIER = derex.RioOlympicsGames2016;
				PRODUCT_NAME = "$(TARGET_NAME)";
				SWIFT_OBJC_BRIDGING_HEADER = "RioOlympicsGames2016-Bridging-Header.h";
				SWIFT_VERSION = 3.0;
			};
			name = Release;
		};
		C28B78A81DCDA47F00CEDD10 /* Debug */ = {
			isa = XCBuildConfiguration;
			buildSettings = {
				ALWAYS_EMBED_SWIFT_STANDARD_LIBRARIES = YES;
				BUNDLE_LOADER = "$(TEST_HOST)";
				DEVELOPMENT_TEAM = 2NHV9XL52A;
				INFOPLIST_FILE = RioOlympicsGames2016Tests/Info.plist;
				LD_RUNPATH_SEARCH_PATHS = "$(inherited) @executable_path/Frameworks @loader_path/Frameworks";
				PRODUCT_BUNDLE_IDENTIFIER = derex.RioOlympicsGames2016Tests;
				PRODUCT_NAME = "$(TARGET_NAME)";
				SWIFT_VERSION = 3.0;
				TEST_HOST = "$(BUILT_PRODUCTS_DIR)/RioOlympicsGames2016.app/RioOlympicsGames2016";
			};
			name = Debug;
		};
		C28B78A91DCDA47F00CEDD10 /* Release */ = {
			isa = XCBuildConfiguration;
			buildSettings = {
				ALWAYS_EMBED_SWIFT_STANDARD_LIBRARIES = YES;
				BUNDLE_LOADER = "$(TEST_HOST)";
				DEVELOPMENT_TEAM = 2NHV9XL52A;
				INFOPLIST_FILE = RioOlympicsGames2016Tests/Info.plist;
				LD_RUNPATH_SEARCH_PATHS = "$(inherited) @executable_path/Frameworks @loader_path/Frameworks";
				PRODUCT_BUNDLE_IDENTIFIER = derex.RioOlympicsGames2016Tests;
				PRODUCT_NAME = "$(TARGET_NAME)";
				SWIFT_VERSION = 3.0;
				TEST_HOST = "$(BUILT_PRODUCTS_DIR)/RioOlympicsGames2016.app/RioOlympicsGames2016";
			};
			name = Release;
		};
		C28B78AB1DCDA47F00CEDD10 /* Debug */ = {
			isa = XCBuildConfiguration;
			buildSettings = {
				ALWAYS_EMBED_SWIFT_STANDARD_LIBRARIES = YES;
				DEVELOPMENT_TEAM = 2NHV9XL52A;
				INFOPLIST_FILE = RioOlympicsGames2016UITests/Info.plist;
				LD_RUNPATH_SEARCH_PATHS = "$(inherited) @executable_path/Frameworks @loader_path/Frameworks";
				PRODUCT_BUNDLE_IDENTIFIER = derex.RioOlympicsGames2016UITests;
				PRODUCT_NAME = "$(TARGET_NAME)";
				SWIFT_VERSION = 3.0;
				TEST_TARGET_NAME = RioOlympicsGames2016;
			};
			name = Debug;
		};
		C28B78AC1DCDA47F00CEDD10 /* Release */ = {
			isa = XCBuildConfiguration;
			buildSettings = {
				ALWAYS_EMBED_SWIFT_STANDARD_LIBRARIES = YES;
				DEVELOPMENT_TEAM = 2NHV9XL52A;
				INFOPLIST_FILE = RioOlympicsGames2016UITests/Info.plist;
				LD_RUNPATH_SEARCH_PATHS = "$(inherited) @executable_path/Frameworks @loader_path/Frameworks";
				PRODUCT_BUNDLE_IDENTIFIER = derex.RioOlympicsGames2016UITests;
				PRODUCT_NAME = "$(TARGET_NAME)";
				SWIFT_VERSION = 3.0;
				TEST_TARGET_NAME = RioOlympicsGames2016;
			};
			name = Release;
		};
/* End XCBuildConfiguration section */

/* Begin XCConfigurationList section */
		C28B78771DCDA47F00CEDD10 /* Build configuration list for PBXProject "RioOlympicsGames2016" */ = {
			isa = XCConfigurationList;
			buildConfigurations = (
				C28B78A21DCDA47F00CEDD10 /* Debug */,
				C28B78A31DCDA47F00CEDD10 /* Release */,
			);
			defaultConfigurationIsVisible = 0;
			defaultConfigurationName = Release;
		};
		C28B78A41DCDA47F00CEDD10 /* Build configuration list for PBXNativeTarget "RioOlympicsGames2016" */ = {
			isa = XCConfigurationList;
			buildConfigurations = (
				C28B78A51DCDA47F00CEDD10 /* Debug */,
				C28B78A61DCDA47F00CEDD10 /* Release */,
			);
			defaultConfigurationIsVisible = 0;
			defaultConfigurationName = Release;
		};
		C28B78A71DCDA47F00CEDD10 /* Build configuration list for PBXNativeTarget "RioOlympicsGames2016Tests" */ = {
			isa = XCConfigurationList;
			buildConfigurations = (
				C28B78A81DCDA47F00CEDD10 /* Debug */,
				C28B78A91DCDA47F00CEDD10 /* Release */,
			);
			defaultConfigurationIsVisible = 0;
			defaultConfigurationName = Release;
		};
		C28B78AA1DCDA47F00CEDD10 /* Build configuration list for PBXNativeTarget "RioOlympicsGames2016UITests" */ = {
			isa = XCConfigurationList;
			buildConfigurations = (
				C28B78AB1DCDA47F00CEDD10 /* Debug */,
				C28B78AC1DCDA47F00CEDD10 /* Release */,
			);
			defaultConfigurationIsVisible = 0;
			defaultConfigurationName = Release;
		};
/* End XCConfigurationList section */
	};
	rootObject = C28B78741DCDA47F00CEDD10 /* Project object */;
}
